
Microsoft Visual Studio Solution File, Format Version 12.00
# Visual Studio 2013
VisualStudioVersion = 12.0.31101.0
MinimumVisualStudioVersion = 10.0.40219.1
Project("{FAE04EC0-301F-11D3-BF4B-00C04F79EFBC}") = "IAInterface", "IAInterface\IAInterface.csproj", "{11A2C25D-BFB4-483E-B064-5BCEC118EF8A}"
EndProject
Project("{FAE04EC0-301F-11D3-BF4B-00C04F79EFBC}") = "IAAgents", "IAAgents\IAAgents.csproj", "{27030B0C-E3F3-4A58-A216-68FE0C4701CB}"
EndProject
Global
	GlobalSection(SolutionConfigurationPlatforms) = preSolution
		Debug|Any CPU = Debug|Any CPU
		Release|Any CPU = Release|Any CPU
	EndGlobalSection
	GlobalSection(ProjectConfigurationPlatforms) = postSolution
		{11A2C25D-BFB4-483E-B064-5BCEC118EF8A}.Debug|Any CPU.ActiveCfg = Debug|Any CPU
		{11A2C25D-BFB4-483E-B064-5BCEC118EF8A}.Debug|Any CPU.Build.0 = Debug|Any CPU
		{11A2C25D-BFB4-483E-B064-5BCEC118EF8A}.Release|Any CPU.ActiveCfg = Release|Any CPU
		{11A2C25D-BFB4-483E-B064-5BCEC118EF8A}.Release|Any CPU.Build.0 = Release|Any CPU
		{27030B0C-E3F3-4A58-A216-68FE0C4701CB}.Debug|Any CPU.ActiveCfg = Debug|Any CPU
		{27030B0C-E3F3-4A58-A216-68FE0C4701CB}.Debug|Any CPU.Build.0 = Debug|Any CPU
		{27030B0C-E3F3-4A58-A216-68FE0C4701CB}.Release|Any CPU.ActiveCfg = Release|Any CPU
		{27030B0C-E3F3-4A58-A216-68FE0C4701CB}.Release|Any CPU.Build.0 = Release|Any CPU
	EndGlobalSection
	GlobalSection(SolutionProperties) = preSolution
		HideSolutionNode = FALSE
	EndGlobalSection
EndGlobal
